// !$*UTF8*$!
{
	archiveVersion = 1;
	classes = {
	};
	objectVersion = 55;
	objects = {

/* Begin PBXBuildFile section */
		3127D0A22545EDB57DC76808 /* Pods_USFarmData.framework in Frameworks */ = {isa = PBXBuildFile; fileRef = FD6A170A4D9FCCC7DD6576C4 /* Pods_USFarmData.framework */; };
		84140C0729658DD200FA5D64 /* UIViewController+Extension.swift in Sources */ = {isa = PBXBuildFile; fileRef = 84140C0629658DD200FA5D64 /* UIViewController+Extension.swift */; };
		84140C0B29658E7600FA5D64 /* AppUtils.swift in Sources */ = {isa = PBXBuildFile; fileRef = 84140C0929658E7500FA5D64 /* AppUtils.swift */; };
		84140C0C29658E7600FA5D64 /* Constants.swift in Sources */ = {isa = PBXBuildFile; fileRef = 84140C0A29658E7600FA5D64 /* Constants.swift */; };
		84140C1229658EAA00FA5D64 /* GetListsResponse.swift in Sources */ = {isa = PBXBuildFile; fileRef = 84140C0E29658EAA00FA5D64 /* GetListsResponse.swift */; };
		84140C1329658EAA00FA5D64 /* LoginResponse.swift in Sources */ = {isa = PBXBuildFile; fileRef = 84140C0F29658EAA00FA5D64 /* LoginResponse.swift */; };
		84140C1429658EAA00FA5D64 /* ListModel.swift in Sources */ = {isa = PBXBuildFile; fileRef = 84140C1029658EAA00FA5D64 /* ListModel.swift */; };
		84140C1529658EAA00FA5D64 /* GetListIdResponse.swift in Sources */ = {isa = PBXBuildFile; fileRef = 84140C1129658EAA00FA5D64 /* GetListIdResponse.swift */; };
		84140C192965923C00FA5D64 /* LoginScreen.swift in Sources */ = {isa = PBXBuildFile; fileRef = 84140C182965923C00FA5D64 /* LoginScreen.swift */; };
		84140C1C2965925D00FA5D64 /* HomeScreen.swift in Sources */ = {isa = PBXBuildFile; fileRef = 84140C1B2965925D00FA5D64 /* HomeScreen.swift */; };
		84140C1E2965928700FA5D64 /* ForgotPasswordScreen.swift in Sources */ = {isa = PBXBuildFile; fileRef = 84140C1D2965928700FA5D64 /* ForgotPasswordScreen.swift */; };
		8416A47F2965BB0E004B7E7B /* SplashScreen.swift in Sources */ = {isa = PBXBuildFile; fileRef = 8416A47E2965BB0E004B7E7B /* SplashScreen.swift */; };
		84801DED295F359D003BD218 /* USFarmDataApp.swift in Sources */ = {isa = PBXBuildFile; fileRef = 84801DEC295F359D003BD218 /* USFarmDataApp.swift */; };
		84801DEF295F359D003BD218 /* ContentView.swift in Sources */ = {isa = PBXBuildFile; fileRef = 84801DEE295F359D003BD218 /* ContentView.swift */; };
		84801DF1295F359E003BD218 /* Assets.xcassets in Resources */ = {isa = PBXBuildFile; fileRef = 84801DF0295F359E003BD218 /* Assets.xcassets */; };
		84801DF4295F359E003BD218 /* Preview Assets.xcassets in Resources */ = {isa = PBXBuildFile; fileRef = 84801DF3295F359E003BD218 /* Preview Assets.xcassets */; };
		84AA79522965DA1C0031A27B /* UserData.swift in Sources */ = {isa = PBXBuildFile; fileRef = 84AA79512965DA1C0031A27B /* UserData.swift */; };
/* End PBXBuildFile section */

/* Begin PBXFileReference section */
		0DB2A8EF63CF66EBD613D6EA /* Pods-USFarmData.debug.xcconfig */ = {isa = PBXFileReference; includeInIndex = 1; lastKnownFileType = text.xcconfig; name = "Pods-USFarmData.debug.xcconfig"; path = "Target Support Files/Pods-USFarmData/Pods-USFarmData.debug.xcconfig"; sourceTree = "<group>"; };
		84140C0629658DD200FA5D64 /* UIViewController+Extension.swift */ = {isa = PBXFileReference; lastKnownFileType = sourcecode.swift; path = "UIViewController+Extension.swift"; sourceTree = "<group>"; };
		84140C0929658E7500FA5D64 /* AppUtils.swift */ = {isa = PBXFileReference; fileEncoding = 4; lastKnownFileType = sourcecode.swift; path = AppUtils.swift; sourceTree = "<group>"; };
		84140C0A29658E7600FA5D64 /* Constants.swift */ = {isa = PBXFileReference; fileEncoding = 4; lastKnownFileType = sourcecode.swift; path = Constants.swift; sourceTree = "<group>"; };
		84140C0E29658EAA00FA5D64 /* GetListsResponse.swift */ = {isa = PBXFileReference; fileEncoding = 4; lastKnownFileType = sourcecode.swift; path = GetListsResponse.swift; sourceTree = "<group>"; };
		84140C0F29658EAA00FA5D64 /* LoginResponse.swift */ = {isa = PBXFileReference; fileEncoding = 4; lastKnownFileType = sourcecode.swift; path = LoginResponse.swift; sourceTree = "<group>"; };
		84140C1029658EAA00FA5D64 /* ListModel.swift */ = {isa = PBXFileReference; fileEncoding = 4; lastKnownFileType = sourcecode.swift; path = ListModel.swift; sourceTree = "<group>"; };
		84140C1129658EAA00FA5D64 /* GetListIdResponse.swift */ = {isa = PBXFileReference; fileEncoding = 4; lastKnownFileType = sourcecode.swift; path = GetListIdResponse.swift; sourceTree = "<group>"; };
		84140C182965923C00FA5D64 /* LoginScreen.swift */ = {isa = PBXFileReference; lastKnownFileType = sourcecode.swift; path = LoginScreen.swift; sourceTree = "<group>"; };
		84140C1B2965925D00FA5D64 /* HomeScreen.swift */ = {isa = PBXFileReference; lastKnownFileType = sourcecode.swift; path = HomeScreen.swift; sourceTree = "<group>"; };
		84140C1D2965928700FA5D64 /* ForgotPasswordScreen.swift */ = {isa = PBXFileReference; lastKnownFileType = sourcecode.swift; path = ForgotPasswordScreen.swift; sourceTree = "<group>"; };
		8416A47E2965BB0E004B7E7B /* SplashScreen.swift */ = {isa = PBXFileReference; lastKnownFileType = sourcecode.swift; path = SplashScreen.swift; sourceTree = "<group>"; };
		84801DE9295F359D003BD218 /* USFarmData.app */ = {isa = PBXFileReference; explicitFileType = wrapper.application; includeInIndex = 0; path = USFarmData.app; sourceTree = BUILT_PRODUCTS_DIR; };
		84801DEC295F359D003BD218 /* USFarmDataApp.swift */ = {isa = PBXFileReference; lastKnownFileType = sourcecode.swift; path = USFarmDataApp.swift; sourceTree = "<group>"; };
		84801DEE295F359D003BD218 /* ContentView.swift */ = {isa = PBXFileReference; lastKnownFileType = sourcecode.swift; path = ContentView.swift; sourceTree = "<group>"; };
		84801DF0295F359E003BD218 /* Assets.xcassets */ = {isa = PBXFileReference; lastKnownFileType = folder.assetcatalog; path = Assets.xcassets; sourceTree = "<group>"; };
		84801DF3295F359E003BD218 /* Preview Assets.xcassets */ = {isa = PBXFileReference; lastKnownFileType = folder.assetcatalog; path = "Preview Assets.xcassets"; sourceTree = "<group>"; };
		84AA79512965DA1C0031A27B /* UserData.swift */ = {isa = PBXFileReference; lastKnownFileType = sourcecode.swift; path = UserData.swift; sourceTree = "<group>"; };
		A5A12C2BEF2DAF819F5F910B /* Pods-USFarmData.release.xcconfig */ = {isa = PBXFileReference; includeInIndex = 1; lastKnownFileType = text.xcconfig; name = "Pods-USFarmData.release.xcconfig"; path = "Target Support Files/Pods-USFarmData/Pods-USFarmData.release.xcconfig"; sourceTree = "<group>"; };
		FD6A170A4D9FCCC7DD6576C4 /* Pods_USFarmData.framework */ = {isa = PBXFileReference; explicitFileType = wrapper.framework; includeInIndex = 0; path = Pods_USFarmData.framework; sourceTree = BUILT_PRODUCTS_DIR; };
/* End PBXFileReference section */

/* Begin PBXFrameworksBuildPhase section */
		84801DE6295F359D003BD218 /* Frameworks */ = {
			isa = PBXFrameworksBuildPhase;
			buildActionMask = 2147483647;
			files = (
				3127D0A22545EDB57DC76808 /* Pods_USFarmData.framework in Frameworks */,
			);
			runOnlyForDeploymentPostprocessing = 0;
		};
/* End PBXFrameworksBuildPhase section */

/* Begin PBXGroup section */
		3676E19283177030AEBD9924 /* Frameworks */ = {
			isa = PBXGroup;
			children = (
				FD6A170A4D9FCCC7DD6576C4 /* Pods_USFarmData.framework */,
			);
			name = Frameworks;
			sourceTree = "<group>";
		};
		52161AC5E7580D8D7DC06845 /* Pods */ = {
			isa = PBXGroup;
			children = (
				0DB2A8EF63CF66EBD613D6EA /* Pods-USFarmData.debug.xcconfig */,
				A5A12C2BEF2DAF819F5F910B /* Pods-USFarmData.release.xcconfig */,
			);
			path = Pods;
			sourceTree = "<group>";
		};
		84140C0829658DE200FA5D64 /* Extensions */ = {
			isa = PBXGroup;
			children = (
				84140C0629658DD200FA5D64 /* UIViewController+Extension.swift */,
			);
			path = Extensions;
			sourceTree = "<group>";
		};
		84140C0D29658E8400FA5D64 /* Helpers */ = {
			isa = PBXGroup;
			children = (
				84140C0929658E7500FA5D64 /* AppUtils.swift */,
				84140C0A29658E7600FA5D64 /* Constants.swift */,
			);
			path = Helpers;
			sourceTree = "<group>";
		};
		84140C1629658EB600FA5D64 /* Models */ = {
			isa = PBXGroup;
			children = (
				84140C0F29658EAA00FA5D64 /* LoginResponse.swift */,
				84140C1129658EAA00FA5D64 /* GetListIdResponse.swift */,
				84140C1029658EAA00FA5D64 /* ListModel.swift */,
				84140C0E29658EAA00FA5D64 /* GetListsResponse.swift */,
				84AA79512965DA1C0031A27B /* UserData.swift */,
			);
			path = Models;
			sourceTree = "<group>";
		};
		84140C172965920C00FA5D64 /* Views */ = {
			isa = PBXGroup;
			children = (
				84801DEE295F359D003BD218 /* ContentView.swift */,
				84140C1A2965924300FA5D64 /* Auth */,
				84140C1F2965928E00FA5D64 /* Home */,
			);
			path = Views;
			sourceTree = "<group>";
		};
		84140C1A2965924300FA5D64 /* Auth */ = {
			isa = PBXGroup;
			children = (
				8416A47E2965BB0E004B7E7B /* SplashScreen.swift */,
				84140C182965923C00FA5D64 /* LoginScreen.swift */,
				84140C1D2965928700FA5D64 /* ForgotPasswordScreen.swift */,
			);
			path = Auth;
			sourceTree = "<group>";
		};
		84140C1F2965928E00FA5D64 /* Home */ = {
			isa = PBXGroup;
			children = (
				84140C1B2965925D00FA5D64 /* HomeScreen.swift */,
			);
			path = Home;
			sourceTree = "<group>";
		};
		84801DE0295F359D003BD218 = {
			isa = PBXGroup;
			children = (
				84801DEB295F359D003BD218 /* USFarmData */,
				84801DEA295F359D003BD218 /* Products */,
				52161AC5E7580D8D7DC06845 /* Pods */,
				3676E19283177030AEBD9924 /* Frameworks */,
			);
			sourceTree = "<group>";
		};
		84801DEA295F359D003BD218 /* Products */ = {
			isa = PBXGroup;
			children = (
				84801DE9295F359D003BD218 /* USFarmData.app */,
			);
			name = Products;
			sourceTree = "<group>";
		};
		84801DEB295F359D003BD218 /* USFarmData */ = {
			isa = PBXGroup;
			children = (
				84801DEC295F359D003BD218 /* USFarmDataApp.swift */,
				84140C0829658DE200FA5D64 /* Extensions */,
				84140C0D29658E8400FA5D64 /* Helpers */,
				84140C1629658EB600FA5D64 /* Models */,
				84140C172965920C00FA5D64 /* Views */,
				84801DF0295F359E003BD218 /* Assets.xcassets */,
				84801DF2295F359E003BD218 /* Preview Content */,
			);
			path = USFarmData;
			sourceTree = "<group>";
		};
		84801DF2295F359E003BD218 /* Preview Content */ = {
			isa = PBXGroup;
			children = (
				84801DF3295F359E003BD218 /* Preview Assets.xcassets */,
			);
			path = "Preview Content";
			sourceTree = "<group>";
		};
/* End PBXGroup section */

/* Begin PBXNativeTarget section */
		84801DE8295F359D003BD218 /* USFarmData */ = {
			isa = PBXNativeTarget;
			buildConfigurationList = 84801DF7295F359E003BD218 /* Build configuration list for PBXNativeTarget "USFarmData" */;
			buildPhases = (
				423F34CE2F52D350ACE12F4D /* [CP] Check Pods Manifest.lock */,
				84801DE5295F359D003BD218 /* Sources */,
				84801DE6295F359D003BD218 /* Frameworks */,
				84801DE7295F359D003BD218 /* Resources */,
				BA752BC1D2923AAB9109F328 /* [CP] Embed Pods Frameworks */,
			);
			buildRules = (
			);
			dependencies = (
			);
			name = USFarmData;
			productName = USFarmData;
			productReference = 84801DE9295F359D003BD218 /* USFarmData.app */;
			productType = "com.apple.product-type.application";
		};
/* End PBXNativeTarget section */

/* Begin PBXProject section */
		84801DE1295F359D003BD218 /* Project object */ = {
			isa = PBXProject;
			attributes = {
				BuildIndependentTargetsInParallel = 1;
				LastSwiftUpdateCheck = 1420;
				LastUpgradeCheck = 1420;
				TargetAttributes = {
					84801DE8295F359D003BD218 = {
						CreatedOnToolsVersion = 14.2;
					};
				};
			};
			buildConfigurationList = 84801DE4295F359D003BD218 /* Build configuration list for PBXProject "USFarmData" */;
			compatibilityVersion = "Xcode 13.0";
			developmentRegion = en;
			hasScannedForEncodings = 0;
			knownRegions = (
				en,
				Base,
			);
			mainGroup = 84801DE0295F359D003BD218;
			productRefGroup = 84801DEA295F359D003BD218 /* Products */;
			projectDirPath = "";
			projectRoot = "";
			targets = (
				84801DE8295F359D003BD218 /* USFarmData */,
			);
		};
/* End PBXProject section */

/* Begin PBXResourcesBuildPhase section */
		84801DE7295F359D003BD218 /* Resources */ = {
			isa = PBXResourcesBuildPhase;
			buildActionMask = 2147483647;
			files = (
				84801DF4295F359E003BD218 /* Preview Assets.xcassets in Resources */,
				84801DF1295F359E003BD218 /* Assets.xcassets in Resources */,
			);
			runOnlyForDeploymentPostprocessing = 0;
		};
/* End PBXResourcesBuildPhase section */

/* Begin PBXShellScriptBuildPhase section */
		423F34CE2F52D350ACE12F4D /* [CP] Check Pods Manifest.lock */ = {
			isa = PBXShellScriptBuildPhase;
			buildActionMask = 2147483647;
			files = (
			);
			inputFileListPaths = (
			);
			inputPaths = (
				"${PODS_PODFILE_DIR_PATH}/Podfile.lock",
				"${PODS_ROOT}/Manifest.lock",
			);
			name = "[CP] Check Pods Manifest.lock";
			outputFileListPaths = (
			);
			outputPaths = (
				"$(DERIVED_FILE_DIR)/Pods-USFarmData-checkManifestLockResult.txt",
			);
			runOnlyForDeploymentPostprocessing = 0;
			shellPath = /bin/sh;
			shellScript = "diff \"${PODS_PODFILE_DIR_PATH}/Podfile.lock\" \"${PODS_ROOT}/Manifest.lock\" > /dev/null\nif [ $? != 0 ] ; then\n    # print error to STDERR\n    echo \"error: The sandbox is not in sync with the Podfile.lock. Run 'pod install' or update your CocoaPods installation.\" >&2\n    exit 1\nfi\n# This output is used by Xcode 'outputs' to avoid re-running this script phase.\necho \"SUCCESS\" > \"${SCRIPT_OUTPUT_FILE_0}\"\n";
			showEnvVarsInLog = 0;
		};
		BA752BC1D2923AAB9109F328 /* [CP] Embed Pods Frameworks */ = {
			isa = PBXShellScriptBuildPhase;
			buildActionMask = 2147483647;
			files = (
			);
			inputFileListPaths = (
				"${PODS_ROOT}/Target Support Files/Pods-USFarmData/Pods-USFarmData-frameworks-${CONFIGURATION}-input-files.xcfilelist",
			);
			name = "[CP] Embed Pods Frameworks";
			outputFileListPaths = (
				"${PODS_ROOT}/Target Support Files/Pods-USFarmData/Pods-USFarmData-frameworks-${CONFIGURATION}-output-files.xcfilelist",
			);
			runOnlyForDeploymentPostprocessing = 0;
			shellPath = /bin/sh;
			shellScript = "\"${PODS_ROOT}/Target Support Files/Pods-USFarmData/Pods-USFarmData-frameworks.sh\"\n";
			showEnvVarsInLog = 0;
		};
/* End PBXShellScriptBuildPhase section */

/* Begin PBXSourcesBuildPhase section */
		84801DE5295F359D003BD218 /* Sources */ = {
			isa = PBXSourcesBuildPhase;
			buildActionMask = 2147483647;
			files = (
				84140C0C29658E7600FA5D64 /* Constants.swift in Sources */,
				84140C1E2965928700FA5D64 /* ForgotPasswordScreen.swift in Sources */,
				84AA79522965DA1C0031A27B /* UserData.swift in Sources */,
				84140C0729658DD200FA5D64 /* UIViewController+Extension.swift in Sources */,
				84140C1529658EAA00FA5D64 /* GetListIdResponse.swift in Sources */,
				84801DEF295F359D003BD218 /* ContentView.swift in Sources */,
				84140C1C2965925D00FA5D64 /* HomeScreen.swift in Sources */,
				84801DED295F359D003BD218 /* USFarmDataApp.swift in Sources */,
				8416A47F2965BB0E004B7E7B /* SplashScreen.swift in Sources */,
				84140C0B29658E7600FA5D64 /* AppUtils.swift in Sources */,
				84140C1229658EAA00FA5D64 /* GetListsResponse.swift in Sources */,
				84140C1329658EAA00FA5D64 /* LoginResponse.swift in Sources */,
				84140C1429658EAA00FA5D64 /* ListModel.swift in Sources */,
				84140C192965923C00FA5D64 /* LoginScreen.swift in Sources */,
			);
			runOnlyForDeploymentPostprocessing = 0;
		};
/* End PBXSourcesBuildPhase section */

/* Begin XCBuildConfiguration section */
		84801DF5295F359E003BD218 /* Debug */ = {
			isa = XCBuildConfiguration;
			buildSettings = {
				ALWAYS_SEARCH_USER_PATHS = NO;
				CLANG_ANALYZER_NONNULL = YES;
				CLANG_ANALYZER_NUMBER_OBJECT_CONVERSION = YES_AGGRESSIVE;
				CLANG_CXX_LANGUAGE_STANDARD = "gnu++20";
				CLANG_ENABLE_MODULES = YES;
				CLANG_ENABLE_OBJC_ARC = YES;
				CLANG_ENABLE_OBJC_WEAK = YES;
				CLANG_WARN_BLOCK_CAPTURE_AUTORELEASING = YES;
				CLANG_WARN_BOOL_CONVERSION = YES;
				CLANG_WARN_COMMA = YES;
				CLANG_WARN_CONSTANT_CONVERSION = YES;
				CLANG_WARN_DEPRECATED_OBJC_IMPLEMENTATIONS = YES;
				CLANG_WARN_DIRECT_OBJC_ISA_USAGE = YES_ERROR;
				CLANG_WARN_DOCUMENTATION_COMMENTS = YES;
				CLANG_WARN_EMPTY_BODY = YES;
				CLANG_WARN_ENUM_CONVERSION = YES;
				CLANG_WARN_INFINITE_RECURSION = YES;
				CLANG_WARN_INT_CONVERSION = YES;
				CLANG_WARN_NON_LITERAL_NULL_CONVERSION = YES;
				CLANG_WARN_OBJC_IMPLICIT_RETAIN_SELF = YES;
				CLANG_WARN_OBJC_LITERAL_CONVERSION = YES;
				CLANG_WARN_OBJC_ROOT_CLASS = YES_ERROR;
				CLANG_WARN_QUOTED_INCLUDE_IN_FRAMEWORK_HEADER = YES;
				CLANG_WARN_RANGE_LOOP_ANALYSIS = YES;
				CLANG_WARN_STRICT_PROTOTYPES = YES;
				CLANG_WARN_SUSPICIOUS_MOVE = YES;
				CLANG_WARN_UNGUARDED_AVAILABILITY = YES_AGGRESSIVE;
				CLANG_WARN_UNREACHABLE_CODE = YES;
				CLANG_WARN__DUPLICATE_METHOD_MATCH = YES;
				COPY_PHASE_STRIP = NO;
				DEBUG_INFORMATION_FORMAT = dwarf;
				ENABLE_STRICT_OBJC_MSGSEND = YES;
				ENABLE_TESTABILITY = YES;
				GCC_C_LANGUAGE_STANDARD = gnu11;
				GCC_DYNAMIC_NO_PIC = NO;
				GCC_NO_COMMON_BLOCKS = YES;
				GCC_OPTIMIZATION_LEVEL = 0;
				GCC_PREPROCESSOR_DEFINITIONS = (
					"DEBUG=1",
					"$(inherited)",
				);
				GCC_WARN_64_TO_32_BIT_CONVERSION = YES;
				GCC_WARN_ABOUT_RETURN_TYPE = YES_ERROR;
				GCC_WARN_UNDECLARED_SELECTOR = YES;
				GCC_WARN_UNINITIALIZED_AUTOS = YES_AGGRESSIVE;
				GCC_WARN_UNUSED_FUNCTION = YES;
				GCC_WARN_UNUSED_VARIABLE = YES;
				IPHONEOS_DEPLOYMENT_TARGET = 16.2;
				MTL_ENABLE_DEBUG_INFO = INCLUDE_SOURCE;
				MTL_FAST_MATH = YES;
				ONLY_ACTIVE_ARCH = YES;
				SDKROOT = iphoneos;
				SWIFT_ACTIVE_COMPILATION_CONDITIONS = DEBUG;
				SWIFT_OPTIMIZATION_LEVEL = "-Onone";
			};
			name = Debug;
		};
		84801DF6295F359E003BD218 /* Release */ = {
			isa = XCBuildConfiguration;
			buildSettings = {
				ALWAYS_SEARCH_USER_PATHS = NO;
				CLANG_ANALYZER_NONNULL = YES;
				CLANG_ANALYZER_NUMBER_OBJECT_CONVERSION = YES_AGGRESSIVE;
				CLANG_CXX_LANGUAGE_STANDARD = "gnu++20";
				CLANG_ENABLE_MODULES = YES;
				CLANG_ENABLE_OBJC_ARC = YES;
				CLANG_ENABLE_OBJC_WEAK = YES;
				CLANG_WARN_BLOCK_CAPTURE_AUTORELEASING = YES;
				CLANG_WARN_BOOL_CONVERSION = YES;
				CLANG_WARN_COMMA = YES;
				CLANG_WARN_CONSTANT_CONVERSION = YES;
				CLANG_WARN_DEPRECATED_OBJC_IMPLEMENTATIONS = YES;
				CLANG_WARN_DIRECT_OBJC_ISA_USAGE = YES_ERROR;
				CLANG_WARN_DOCUMENTATION_COMMENTS = YES;
				CLANG_WARN_EMPTY_BODY = YES;
				CLANG_WARN_ENUM_CONVERSION = YES;
				CLANG_WARN_INFINITE_RECURSION = YES;
				CLANG_WARN_INT_CONVERSION = YES;
				CLANG_WARN_NON_LITERAL_NULL_CONVERSION = YES;
				CLANG_WARN_OBJC_IMPLICIT_RETAIN_SELF = YES;
				CLANG_WARN_OBJC_LITERAL_CONVERSION = YES;
				CLANG_WARN_OBJC_ROOT_CLASS = YES_ERROR;
				CLANG_WARN_QUOTED_INCLUDE_IN_FRAMEWORK_HEADER = YES;
				CLANG_WARN_RANGE_LOOP_ANALYSIS = YES;
				CLANG_WARN_STRICT_PROTOTYPES = YES;
				CLANG_WARN_SUSPICIOUS_MOVE = YES;
				CLANG_WARN_UNGUARDED_AVAILABILITY = YES_AGGRESSIVE;
				CLANG_WARN_UNREACHABLE_CODE = YES;
				CLANG_WARN__DUPLICATE_METHOD_MATCH = YES;
				COPY_PHASE_STRIP = NO;
				DEBUG_INFORMATION_FORMAT = "dwarf-with-dsym";
				ENABLE_NS_ASSERTIONS = NO;
				ENABLE_STRICT_OBJC_MSGSEND = YES;
				GCC_C_LANGUAGE_STANDARD = gnu11;
				GCC_NO_COMMON_BLOCKS = YES;
				GCC_WARN_64_TO_32_BIT_CONVERSION = YES;
				GCC_WARN_ABOUT_RETURN_TYPE = YES_ERROR;
				GCC_WARN_UNDECLARED_SELECTOR = YES;
				GCC_WARN_UNINITIALIZED_AUTOS = YES_AGGRESSIVE;
				GCC_WARN_UNUSED_FUNCTION = YES;
				GCC_WARN_UNUSED_VARIABLE = YES;
				IPHONEOS_DEPLOYMENT_TARGET = 16.2;
				MTL_ENABLE_DEBUG_INFO = NO;
				MTL_FAST_MATH = YES;
				SDKROOT = iphoneos;
				SWIFT_COMPILATION_MODE = wholemodule;
				SWIFT_OPTIMIZATION_LEVEL = "-O";
				VALIDATE_PRODUCT = YES;
			};
			name = Release;
		};
		84801DF8295F359E003BD218 /* Debug */ = {
			isa = XCBuildConfiguration;
			baseConfigurationReference = 0DB2A8EF63CF66EBD613D6EA /* Pods-USFarmData.debug.xcconfig */;
			buildSettings = {
				ASSETCATALOG_COMPILER_APPICON_NAME = AppIcon;
				ASSETCATALOG_COMPILER_GLOBAL_ACCENT_COLOR_NAME = AccentColor;
				CODE_SIGN_STYLE = Automatic;
				CURRENT_PROJECT_VERSION = 1;
				DEVELOPMENT_ASSET_PATHS = "\"USFarmData/Preview Content\"";
				ENABLE_PREVIEWS = YES;
				GENERATE_INFOPLIST_FILE = YES;
				INFOPLIST_KEY_UIApplicationSceneManifest_Generation = YES;
				INFOPLIST_KEY_UIApplicationSupportsIndirectInputEvents = YES;
				INFOPLIST_KEY_UILaunchScreen_Generation = YES;
				INFOPLIST_KEY_UISupportedInterfaceOrientations_iPad = "UIInterfaceOrientationPortrait UIInterfaceOrientationPortraitUpsideDown UIInterfaceOrientationLandscapeLeft UIInterfaceOrientationLandscapeRight";
				INFOPLIST_KEY_UISupportedInterfaceOrientations_iPhone = "UIInterfaceOrientationPortrait UIInterfaceOrientationLandscapeLeft UIInterfaceOrientationLandscapeRight";
				LD_RUNPATH_SEARCH_PATHS = (
					"$(inherited)",
					"@executable_path/Frameworks",
				);
				MARKETING_VERSION = 1.0;
				PRODUCT_BUNDLE_IDENTIFIER = com.example.USFarmData;
				PRODUCT_NAME = "$(TARGET_NAME)";
				SWIFT_EMIT_LOC_STRINGS = YES;
				SWIFT_VERSION = 5.0;
				TARGETED_DEVICE_FAMILY = "1,2";
			};
			name = Debug;
		};
		84801DF9295F359E003BD218 /* Release */ = {
			isa = XCBuildConfiguration;
			baseConfigurationReference = A5A12C2BEF2DAF819F5F910B /* Pods-USFarmData.release.xcconfig */;
			buildSettings = {
				ASSETCATALOG_COMPILER_APPICON_NAME = AppIcon;
				ASSETCATALOG_COMPILER_GLOBAL_ACCENT_COLOR_NAME = AccentColor;
				CODE_SIGN_STYLE = Automatic;
				CURRENT_PROJECT_VERSION = 1;
				DEVELOPMENT_ASSET_PATHS = "\"USFarmData/Preview Content\"";
				ENABLE_PREVIEWS = YES;
				GENERATE_INFOPLIST_FILE = YES;
				INFOPLIST_KEY_UIApplicationSceneManifest_Generation = YES;
				INFOPLIST_KEY_UIApplicationSupportsIndirectInputEvents = YES;
				INFOPLIST_KEY_UILaunchScreen_Generation = YES;
				INFOPLIST_KEY_UISupportedInterfaceOrientations_iPad = "UIInterfaceOrientationPortrait UIInterfaceOrientationPortraitUpsideDown UIInterfaceOrientationLandscapeLeft UIInterfaceOrientationLandscapeRight";
				INFOPLIST_KEY_UISupportedInterfaceOrientations_iPhone = "UIInterfaceOrientationPortrait UIInterfaceOrientationLandscapeLeft UIInterfaceOrientationLandscapeRight";
				LD_RUNPATH_SEARCH_PATHS = (
					"$(inherited)",
					"@executable_path/Frameworks",
				);
				MARKETING_VERSION = 1.0;
				PRODUCT_BUNDLE_IDENTIFIER = com.example.USFarmData;
				PRODUCT_NAME = "$(TARGET_NAME)";
				SWIFT_EMIT_LOC_STRINGS = YES;
				SWIFT_VERSION = 5.0;
				TARGETED_DEVICE_FAMILY = "1,2";
			};
			name = Release;
		};
/* End XCBuildConfiguration section */

/* Begin XCConfigurationList section */
		84801DE4295F359D003BD218 /* Build configuration list for PBXProject "USFarmData" */ = {
			isa = XCConfigurationList;
			buildConfigurations = (
				84801DF5295F359E003BD218 /* Debug */,
				84801DF6295F359E003BD218 /* Release */,
			);
			defaultConfigurationIsVisible = 0;
			defaultConfigurationName = Release;
		};
		84801DF7295F359E003BD218 /* Build configuration list for PBXNativeTarget "USFarmData" */ = {
			isa = XCConfigurationList;
			buildConfigurations = (
				84801DF8295F359E003BD218 /* Debug */,
				84801DF9295F359E003BD218 /* Release */,
			);
			defaultConfigurationIsVisible = 0;
			defaultConfigurationName = Release;
		};
/* End XCConfigurationList section */
	};
	rootObject = 84801DE1295F359D003BD218 /* Project object */;
}
